
Microsoft Visual Studio Solution File, Format Version 12.00
# Visual Studio 15
VisualStudioVersion = 15.0.27004.2000
MinimumVisualStudioVersion = 10.0.40219.1
Project("{2150E333-8FDC-42A3-9474-1A3956D46DE8}") = "src", "src", "{2702F9C7-2ABC-4DD8-B4CE-8C158CAFED96}"
EndProject
Project("{2150E333-8FDC-42A3-9474-1A3956D46DE8}") = "test", "test", "{390B9F71-125E-4391-85D1-9FC9F78F0661}"
EndProject
Project("{9A19103F-16F7-4668-BE54-9A1E7A4F7556}") = "NupkgWrench", "src\NupkgWrench\NupkgWrench.csproj", "{DE5A9B69-22F4-4D0A-96AB-0CB0D2F14240}"
EndProject
Project("{9A19103F-16F7-4668-BE54-9A1E7A4F7556}") = "NupkgWrench.Tests", "test\NupkgWrench.Tests\NupkgWrench.Tests.csproj", "{226D8D15-A7D0-4356-AD38-E524E3518D73}"
EndProject
Project("{2150E333-8FDC-42A3-9474-1A3956D46DE8}") = "build", "build", "{693BF4D7-5CA1-46D5-AF45-321D4E96872A}"
	ProjectSection(SolutionItems) = preProject
		build\config.props = build\config.props
	EndProjectSection
EndProject
Project("{FAE04EC0-301F-11D3-BF4B-00C04F79EFBC}") = "NupkgWrench.CmdExe.Tests", "test\NupkgWrench.CmdExe.Tests\NupkgWrench.CmdExe.Tests.csproj", "{9BA65BD5-0E1E-43A1-BFEA-9CD7B6ED6E3F}"
EndProject
Project("{FAE04EC0-301F-11D3-BF4B-00C04F79EFBC}") = "NupkgWrench.CliTool.Tests", "test\NupkgWrench.CliTool.Tests\NupkgWrench.CliTool.Tests.csproj", "{4605CAD0-532D-4B65-8B8C-B58A2C41BD7E}"
EndProject
Project("{FAE04EC0-301F-11D3-BF4B-00C04F79EFBC}") = "Test.Common", "test\Test.Common\Test.Common.csproj", "{78183ECC-5829-4C43-8ECD-5D8D679CB4EC}"
EndProject
Global
	GlobalSection(SolutionConfigurationPlatforms) = preSolution
		Debug|Any CPU = Debug|Any CPU
		Debug|x64 = Debug|x64
		Debug|x86 = Debug|x86
		Release|Any CPU = Release|Any CPU
		Release|x64 = Release|x64
		Release|x86 = Release|x86
	EndGlobalSection
	GlobalSection(ProjectConfigurationPlatforms) = postSolution
		{DE5A9B69-22F4-4D0A-96AB-0CB0D2F14240}.Debug|Any CPU.ActiveCfg = Debug|Any CPU
		{DE5A9B69-22F4-4D0A-96AB-0CB0D2F14240}.Debug|Any CPU.Build.0 = Debug|Any CPU
		{DE5A9B69-22F4-4D0A-96AB-0CB0D2F14240}.Debug|x64.ActiveCfg = Debug|Any CPU
		{DE5A9B69-22F4-4D0A-96AB-0CB0D2F14240}.Debug|x64.Build.0 = Debug|Any CPU
		{DE5A9B69-22F4-4D0A-96AB-0CB0D2F14240}.Debug|x86.ActiveCfg = Debug|Any CPU
		{DE5A9B69-22F4-4D0A-96AB-0CB0D2F14240}.Debug|x86.Build.0 = Debug|Any CPU
		{DE5A9B69-22F4-4D0A-96AB-0CB0D2F14240}.Release|Any CPU.ActiveCfg = Release|Any CPU
		{DE5A9B69-22F4-4D0A-96AB-0CB0D2F14240}.Release|Any CPU.Build.0 = Release|Any CPU
		{DE5A9B69-22F4-4D0A-96AB-0CB0D2F14240}.Release|x64.ActiveCfg = Release|Any CPU
		{DE5A9B69-22F4-4D0A-96AB-0CB0D2F14240}.Release|x64.Build.0 = Release|Any CPU
		{DE5A9B69-22F4-4D0A-96AB-0CB0D2F14240}.Release|x86.ActiveCfg = Release|Any CPU
		{DE5A9B69-22F4-4D0A-96AB-0CB0D2F14240}.Release|x86.Build.0 = Release|Any CPU
		{226D8D15-A7D0-4356-AD38-E524E3518D73}.Debug|Any CPU.ActiveCfg = Debug|Any CPU
		{226D8D15-A7D0-4356-AD38-E524E3518D73}.Debug|Any CPU.Build.0 = Debug|Any CPU
		{226D8D15-A7D0-4356-AD38-E524E3518D73}.Debug|x64.ActiveCfg = Debug|Any CPU
		{226D8D15-A7D0-4356-AD38-E524E3518D73}.Debug|x64.Build.0 = Debug|Any CPU
		{226D8D15-A7D0-4356-AD38-E524E3518D73}.Debug|x86.ActiveCfg = Debug|Any CPU
		{226D8D15-A7D0-4356-AD38-E524E3518D73}.Debug|x86.Build.0 = Debug|Any CPU
		{226D8D15-A7D0-4356-AD38-E524E3518D73}.Release|Any CPU.ActiveCfg = Release|Any CPU
		{226D8D15-A7D0-4356-AD38-E524E3518D73}.Release|Any CPU.Build.0 = Release|Any CPU
		{226D8D15-A7D0-4356-AD38-E524E3518D73}.Release|x64.ActiveCfg = Release|Any CPU
		{226D8D15-A7D0-4356-AD38-E524E3518D73}.Release|x64.Build.0 = Release|Any CPU
		{226D8D15-A7D0-4356-AD38-E524E3518D73}.Release|x86.ActiveCfg = Release|Any CPU
		{226D8D15-A7D0-4356-AD38-E524E3518D73}.Release|x86.Build.0 = Release|Any CPU
		{9BA65BD5-0E1E-43A1-BFEA-9CD7B6ED6E3F}.Debug|Any CPU.ActiveCfg = Debug|Any CPU
		{9BA65BD5-0E1E-43A1-BFEA-9CD7B6ED6E3F}.Debug|Any CPU.Build.0 = Debug|Any CPU
		{9BA65BD5-0E1E-43A1-BFEA-9CD7B6ED6E3F}.Debug|x64.ActiveCfg = Debug|Any CPU
		{9BA65BD5-0E1E-43A1-BFEA-9CD7B6ED6E3F}.Debug|x64.Build.0 = Debug|Any CPU
		{9BA65BD5-0E1E-43A1-BFEA-9CD7B6ED6E3F}.Debug|x86.ActiveCfg = Debug|Any CPU
		{9BA65BD5-0E1E-43A1-BFEA-9CD7B6ED6E3F}.Debug|x86.Build.0 = Debug|Any CPU
		{9BA65BD5-0E1E-43A1-BFEA-9CD7B6ED6E3F}.Release|Any CPU.ActiveCfg = Release|Any CPU
		{9BA65BD5-0E1E-43A1-BFEA-9CD7B6ED6E3F}.Release|Any CPU.Build.0 = Release|Any CPU
		{9BA65BD5-0E1E-43A1-BFEA-9CD7B6ED6E3F}.Release|x64.ActiveCfg = Release|Any CPU
		{9BA65BD5-0E1E-43A1-BFEA-9CD7B6ED6E3F}.Release|x64.Build.0 = Release|Any CPU
		{9BA65BD5-0E1E-43A1-BFEA-9CD7B6ED6E3F}.Release|x86.ActiveCfg = Release|Any CPU
		{9BA65BD5-0E1E-43A1-BFEA-9CD7B6ED6E3F}.Release|x86.Build.0 = Release|Any CPU
		{4605CAD0-532D-4B65-8B8C-B58A2C41BD7E}.Debug|Any CPU.ActiveCfg = Debug|Any CPU
		{4605CAD0-532D-4B65-8B8C-B58A2C41BD7E}.Debug|Any CPU.Build.0 = Debug|Any CPU
		{4605CAD0-532D-4B65-8B8C-B58A2C41BD7E}.Debug|x64.ActiveCfg = Debug|Any CPU
		{4605CAD0-532D-4B65-8B8C-B58A2C41BD7E}.Debug|x64.Build.0 = Debug|Any CPU
		{4605CAD0-532D-4B65-8B8C-B58A2C41BD7E}.Debug|x86.ActiveCfg = Debug|Any CPU
		{4605CAD0-532D-4B65-8B8C-B58A2C41BD7E}.Debug|x86.Build.0 = Debug|Any CPU
		{4605CAD0-532D-4B65-8B8C-B58A2C41BD7E}.Release|Any CPU.ActiveCfg = Release|Any CPU
		{4605CAD0-532D-4B65-8B8C-B58A2C41BD7E}.Release|Any CPU.Build.0 = Release|Any CPU
		{4605CAD0-532D-4B65-8B8C-B58A2C41BD7E}.Release|x64.ActiveCfg = Release|Any CPU
		{4605CAD0-532D-4B65-8B8C-B58A2C41BD7E}.Release|x64.Build.0 = Release|Any CPU
		{4605CAD0-532D-4B65-8B8C-B58A2C41BD7E}.Release|x86.ActiveCfg = Release|Any CPU
		{4605CAD0-532D-4B65-8B8C-B58A2C41BD7E}.Release|x86.Build.0 = Release|Any CPU
		{78183ECC-5829-4C43-8ECD-5D8D679CB4EC}.Debug|Any CPU.ActiveCfg = Debug|Any CPU
		{78183ECC-5829-4C43-8ECD-5D8D679CB4EC}.Debug|Any CPU.Build.0 = Debug|Any CPU
		{78183ECC-5829-4C43-8ECD-5D8D679CB4EC}.Debug|x64.ActiveCfg = Debug|Any CPU
		{78183ECC-5829-4C43-8ECD-5D8D679CB4EC}.Debug|x64.Build.0 = Debug|Any CPU
		{78183ECC-5829-4C43-8ECD-5D8D679CB4EC}.Debug|x86.ActiveCfg = Debug|Any CPU
		{78183ECC-5829-4C43-8ECD-5D8D679CB4EC}.Debug|x86.Build.0 = Debug|Any CPU
		{78183ECC-5829-4C43-8ECD-5D8D679CB4EC}.Release|Any CPU.ActiveCfg = Release|Any CPU
		{78183ECC-5829-4C43-8ECD-5D8D679CB4EC}.Release|Any CPU.Build.0 = Release|Any CPU
		{78183ECC-5829-4C43-8ECD-5D8D679CB4EC}.Release|x64.ActiveCfg = Release|Any CPU
		{78183ECC-5829-4C43-8ECD-5D8D679CB4EC}.Release|x64.Build.0 = Release|Any CPU
		{78183ECC-5829-4C43-8ECD-5D8D679CB4EC}.Release|x86.ActiveCfg = Release|Any CPU
		{78183ECC-5829-4C43-8ECD-5D8D679CB4EC}.Release|x86.Build.0 = Release|Any CPU
	EndGlobalSection
	GlobalSection(SolutionProperties) = preSolution
		HideSolutionNode = FALSE
	EndGlobalSection
	GlobalSection(NestedProjects) = preSolution
		{DE5A9B69-22F4-4D0A-96AB-0CB0D2F14240} = {2702F9C7-2ABC-4DD8-B4CE-8C158CAFED96}
		{226D8D15-A7D0-4356-AD38-E524E3518D73} = {390B9F71-125E-4391-85D1-9FC9F78F0661}
		{9BA65BD5-0E1E-43A1-BFEA-9CD7B6ED6E3F} = {390B9F71-125E-4391-85D1-9FC9F78F0661}
		{4605CAD0-532D-4B65-8B8C-B58A2C41BD7E} = {390B9F71-125E-4391-85D1-9FC9F78F0661}
		{78183ECC-5829-4C43-8ECD-5D8D679CB4EC} = {390B9F71-125E-4391-85D1-9FC9F78F0661}
	EndGlobalSection
	GlobalSection(ExtensibilityGlobals) = postSolution
		SolutionGuid = {D0D39866-B8AA-4775-81E2-51A3A1E5A85A}
	EndGlobalSection
EndGlobal
