
Microsoft Visual Studio Solution File, Format Version 12.00
# Visual Studio 15
VisualStudioVersion = 15.0.26403.0
MinimumVisualStudioVersion = 10.0.40219.1
Project("{2150E333-8FDC-42A3-9474-1A3956D46DE8}") = "src", "src", "{2702F9C7-2ABC-4DD8-B4CE-8C158CAFED96}"
EndProject
Project("{2150E333-8FDC-42A3-9474-1A3956D46DE8}") = "test", "test", "{390B9F71-125E-4391-85D1-9FC9F78F0661}"
EndProject
Project("{9A19103F-16F7-4668-BE54-9A1E7A4F7556}") = "NupkgWrench", "src\NupkgWrench\NupkgWrench.csproj", "{DE5A9B69-22F4-4D0A-96AB-0CB0D2F14240}"
EndProject
Project("{9A19103F-16F7-4668-BE54-9A1E7A4F7556}") = "NupkgWrench.Tests", "test\NupkgWrench.Tests\NupkgWrench.Tests.csproj", "{226D8D15-A7D0-4356-AD38-E524E3518D73}"
EndProject
Global
	GlobalSection(SolutionConfigurationPlatforms) = preSolution
		Debug|Any CPU = Debug|Any CPU
		Debug|x64 = Debug|x64
		Debug|x86 = Debug|x86
		Release|Any CPU = Release|Any CPU
		Release|x64 = Release|x64
		Release|x86 = Release|x86
	EndGlobalSection
	GlobalSection(ProjectConfigurationPlatforms) = postSolution
		{DE5A9B69-22F4-4D0A-96AB-0CB0D2F14240}.Debug|Any CPU.ActiveCfg = Debug|Any CPU
		{DE5A9B69-22F4-4D0A-96AB-0CB0D2F14240}.Debug|Any CPU.Build.0 = Debug|Any CPU
		{DE5A9B69-22F4-4D0A-96AB-0CB0D2F14240}.Debug|x64.ActiveCfg = Debug|Any CPU
		{DE5A9B69-22F4-4D0A-96AB-0CB0D2F14240}.Debug|x64.Build.0 = Debug|Any CPU
		{DE5A9B69-22F4-4D0A-96AB-0CB0D2F14240}.Debug|x86.ActiveCfg = Debug|Any CPU
		{DE5A9B69-22F4-4D0A-96AB-0CB0D2F14240}.Debug|x86.Build.0 = Debug|Any CPU
		{DE5A9B69-22F4-4D0A-96AB-0CB0D2F14240}.Release|Any CPU.ActiveCfg = Release|Any CPU
		{DE5A9B69-22F4-4D0A-96AB-0CB0D2F14240}.Release|Any CPU.Build.0 = Release|Any CPU
		{DE5A9B69-22F4-4D0A-96AB-0CB0D2F14240}.Release|x64.ActiveCfg = Release|Any CPU
		{DE5A9B69-22F4-4D0A-96AB-0CB0D2F14240}.Release|x64.Build.0 = Release|Any CPU
		{DE5A9B69-22F4-4D0A-96AB-0CB0D2F14240}.Release|x86.ActiveCfg = Release|Any CPU
		{DE5A9B69-22F4-4D0A-96AB-0CB0D2F14240}.Release|x86.Build.0 = Release|Any CPU
		{226D8D15-A7D0-4356-AD38-E524E3518D73}.Debug|Any CPU.ActiveCfg = Debug|Any CPU
		{226D8D15-A7D0-4356-AD38-E524E3518D73}.Debug|Any CPU.Build.0 = Debug|Any CPU
		{226D8D15-A7D0-4356-AD38-E524E3518D73}.Debug|x64.ActiveCfg = Debug|Any CPU
		{226D8D15-A7D0-4356-AD38-E524E3518D73}.Debug|x64.Build.0 = Debug|Any CPU
		{226D8D15-A7D0-4356-AD38-E524E3518D73}.Debug|x86.ActiveCfg = Debug|Any CPU
		{226D8D15-A7D0-4356-AD38-E524E3518D73}.Debug|x86.Build.0 = Debug|Any CPU
		{226D8D15-A7D0-4356-AD38-E524E3518D73}.Release|Any CPU.ActiveCfg = Release|Any CPU
		{226D8D15-A7D0-4356-AD38-E524E3518D73}.Release|Any CPU.Build.0 = Release|Any CPU
		{226D8D15-A7D0-4356-AD38-E524E3518D73}.Release|x64.ActiveCfg = Release|Any CPU
		{226D8D15-A7D0-4356-AD38-E524E3518D73}.Release|x64.Build.0 = Release|Any CPU
		{226D8D15-A7D0-4356-AD38-E524E3518D73}.Release|x86.ActiveCfg = Release|Any CPU
		{226D8D15-A7D0-4356-AD38-E524E3518D73}.Release|x86.Build.0 = Release|Any CPU
	EndGlobalSection
	GlobalSection(SolutionProperties) = preSolution
		HideSolutionNode = FALSE
	EndGlobalSection
	GlobalSection(NestedProjects) = preSolution
		{DE5A9B69-22F4-4D0A-96AB-0CB0D2F14240} = {2702F9C7-2ABC-4DD8-B4CE-8C158CAFED96}
		{226D8D15-A7D0-4356-AD38-E524E3518D73} = {390B9F71-125E-4391-85D1-9FC9F78F0661}
	EndGlobalSection
EndGlobal
